
Microsoft Visual Studio Solution File, Format Version 12.00
# Visual Studio Version 17
VisualStudioVersion = 17.3.32929.385
MinimumVisualStudioVersion = 10.0.40219.1
Project("{8BC9CEB8-8B4A-11D0-8D11-00A0C91BC942}") = "Final", "Final.vcxproj", "{61B02FE1-0031-4956-B56A-9010EAF61C5D}"
EndProject
Global
	GlobalSection(SolutionConfigurationPlatforms) = preSolution
		Debug|x64 = Debug|x64
		Debug|x86 = Debug|x86
		Release|x64 = Release|x64
		Release|x86 = Release|x86
	EndGlobalSection
	GlobalSection(ProjectConfigurationPlatforms) = postSolution
		{61B02FE1-0031-4956-B56A-9010EAF61C5D}.Debug|x64.ActiveCfg = Debug|x64
		{61B02FE1-0031-4956-B56A-9010EAF61C5D}.Debug|x64.Build.0 = Debug|x64
		{61B02FE1-0031-4956-B56A-9010EAF61C5D}.Debug|x86.ActiveCfg = Debug|Win32
		{61B02FE1-0031-4956-B56A-9010EAF61C5D}.Debug|x86.Build.0 = Debug|Win32
		{61B02FE1-0031-4956-B56A-9010EAF61C5D}.Release|x64.ActiveCfg = Release|x64
		{61B02FE1-0031-4956-B56A-9010EAF61C5D}.Release|x64.Build.0 = Release|x64
		{61B02FE1-0031-4956-B56A-9010EAF61C5D}.Release|x86.ActiveCfg = Release|Win32
		{61B02FE1-0031-4956-B56A-9010EAF61C5D}.Release|x86.Build.0 = Release|Win32
	EndGlobalSection
	GlobalSection(SolutionProperties) = preSolution
		HideSolutionNode = FALSE
	EndGlobalSection
	GlobalSection(ExtensibilityGlobals) = postSolution
		SolutionGuid = {1F567A00-05C4-4B8F-9EA3-7304545A957B}
	EndGlobalSection
EndGlobal
